
Microsoft Visual Studio Solution File, Format Version 12.00
# Visual Studio Version 17
VisualStudioVersion = 17.9.34728.123
MinimumVisualStudioVersion = 10.0.40219.1
Project("{9A19103F-16F7-4668-BE54-9A1E7A4F7556}") = "WestWindLibrary", "WestWindLibrary\WestWindLibrary.csproj", "{74DC70F3-2FFB-482B-89A6-F5F13356C0B0}"
EndProject
Project("{9A19103F-16F7-4668-BE54-9A1E7A4F7556}") = "WestWindWeb", "WestWindWeb\WestWindWeb.csproj", "{FCDF1E8F-ACB9-4934-973A-9D9F0E40360C}"
EndProject
Global
	GlobalSection(SolutionConfigurationPlatforms) = preSolution
		Debug|Any CPU = Debug|Any CPU
		Release|Any CPU = Release|Any CPU
	EndGlobalSection
	GlobalSection(ProjectConfigurationPlatforms) = postSolution
		{74DC70F3-2FFB-482B-89A6-F5F13356C0B0}.Debug|Any CPU.ActiveCfg = Debug|Any CPU
		{74DC70F3-2FFB-482B-89A6-F5F13356C0B0}.Debug|Any CPU.Build.0 = Debug|Any CPU
		{74DC70F3-2FFB-482B-89A6-F5F13356C0B0}.Release|Any CPU.ActiveCfg = Release|Any CPU
		{74DC70F3-2FFB-482B-89A6-F5F13356C0B0}.Release|Any CPU.Build.0 = Release|Any CPU
		{FCDF1E8F-ACB9-4934-973A-9D9F0E40360C}.Debug|Any CPU.ActiveCfg = Debug|Any CPU
		{FCDF1E8F-ACB9-4934-973A-9D9F0E40360C}.Debug|Any CPU.Build.0 = Debug|Any CPU
		{FCDF1E8F-ACB9-4934-973A-9D9F0E40360C}.Release|Any CPU.ActiveCfg = Release|Any CPU
		{FCDF1E8F-ACB9-4934-973A-9D9F0E40360C}.Release|Any CPU.Build.0 = Release|Any CPU
	EndGlobalSection
	GlobalSection(SolutionProperties) = preSolution
		HideSolutionNode = FALSE
	EndGlobalSection
	GlobalSection(ExtensibilityGlobals) = postSolution
		SolutionGuid = {CC0ACA82-A81F-45DE-8E77-C2EE4BFAB4F3}
	EndGlobalSection
EndGlobal
